schema: '2.0'
stages:
  data_ingestion:
    cmd: python3 src/data_ingestion.py
    deps:
    - path: src/data_ingestion.py
      hash: md5
      md5: 1b2ea0e049cfab5c4ae90e1078d6dc51
      size: 3514
    params:
      params.yaml:
        data_ingestion.test_size: 0.2
    outs:
    - path: data/raw
      hash: md5
      md5: 6a4d11ab83c20d7412f4696595c0b4d1.dir
      size: 479272
      nfiles: 2
  data_preprocessing:
    cmd: python3 src/data_preprocessing.py
    deps:
    - path: data/raw
      hash: md5
      md5: 6a4d11ab83c20d7412f4696595c0b4d1.dir
      size: 479272
      nfiles: 2
    - path: src/data_preprocessing.py
      hash: md5
      md5: 158130fa3ada2ed96ada460b539d42e9
      size: 3864
    outs:
    - path: data/interim
      hash: md5
      md5: d3f80ea917209a657caed01201ee2780.dir
      size: 254818
      nfiles: 2
  feature_engineering:
    cmd: python3 src/feature_engineering.py
    deps:
    - path: data/interim
      hash: md5
      md5: d3f80ea917209a657caed01201ee2780.dir
      size: 254818
      nfiles: 2
    - path: src/feature_engineering.py
      hash: md5
      md5: c0bc17aeeacac5e707d805a088adbcff
      size: 3809
    params:
      params.yaml:
        feature_engineering.max_features: 35
    outs:
    - path: data/processed
      hash: md5
      md5: 6f393d613e1ef6777f08947b3ebd8e7e.dir
      size: 829484
      nfiles: 2
  model_building:
    cmd: python3 src/model_building.py
    deps:
    - path: data/processed
      hash: md5
      md5: 6f393d613e1ef6777f08947b3ebd8e7e.dir
      size: 829484
      nfiles: 2
    - path: src/model_building.py
      hash: md5
      md5: a1723707e88021b19d3735beba05c962
      size: 4297
    params:
      params.yaml:
        model_building.n_estimators: 22
        model_building.random_state: 2
    outs:
    - path: models/model.pkl
      hash: md5
      md5: d63683b3963c1bb7986a8be22752acf9
      size: 720181
  model_evaluation:
    cmd: python3 src/model_evaluation.py
    deps:
    - path: models/model.pkl
      hash: md5
      md5: d63683b3963c1bb7986a8be22752acf9
      size: 720181
    - path: src/model_evaluation.py
      hash: md5
      md5: 578f8ae1daca5c8ec1528b1f18a19126
      size: 4138
    outs:
    - path: reports/metrics.json
      hash: md5
      md5: 531c3ea7884f3b816aa2476453253e64
      size: 140
